// !$*UTF8*$!
{
	archiveVersion = 1;
	classes = {
	};
	objectVersion = 50;
	objects = {

/* Begin PBXBuildFile section */
		170410AF228EBBE80022B6BD /* Assets.xcassets in Resources */ = {isa = PBXBuildFile; fileRef = 170410AE228EBBE80022B6BD /* Assets.xcassets */; };
		17051C4B22930AAD00AB63BB /* ShopCollectionViewCell.swift in Sources */ = {isa = PBXBuildFile; fileRef = 17051C4A22930AAD00AB63BB /* ShopCollectionViewCell.swift */; };
		17051C4D22930BAE00AB63BB /* PropertyCollectionViewCell.swift in Sources */ = {isa = PBXBuildFile; fileRef = 17051C4C22930BAE00AB63BB /* PropertyCollectionViewCell.swift */; };
		17051C4F22930BD700AB63BB /* property.xib in Resources */ = {isa = PBXBuildFile; fileRef = 17051C4E22930BD700AB63BB /* property.xib */; };
		17051C5122930E8300AB63BB /* shop.xib in Resources */ = {isa = PBXBuildFile; fileRef = 17051C5022930E8300AB63BB /* shop.xib */; };
		170ABF21228C57E300D3E86E /* HomeCollectionViewCell.swift in Sources */ = {isa = PBXBuildFile; fileRef = 170ABF1F228C57E300D3E86E /* HomeCollectionViewCell.swift */; };
		170ABF22228C57E300D3E86E /* HomeCollectionViewCell.xib in Resources */ = {isa = PBXBuildFile; fileRef = 170ABF20228C57E300D3E86E /* HomeCollectionViewCell.xib */; };
		17226BE42297D4F9006818C7 /* SettingTableViewController.swift in Sources */ = {isa = PBXBuildFile; fileRef = 17226BE32297D4F9006818C7 /* SettingTableViewController.swift */; };
		1780B9B7228BCF3900557D9E /* Extension.swift in Sources */ = {isa = PBXBuildFile; fileRef = 1780B9B6228BCF3900557D9E /* Extension.swift */; };
		1780B9BA228BD63400557D9E /* SettingViewController.swift in Sources */ = {isa = PBXBuildFile; fileRef = 1780B9B9228BD63400557D9E /* SettingViewController.swift */; };
		1780B9BE228BD91F00557D9E /* NavigationGradient.swift in Sources */ = {isa = PBXBuildFile; fileRef = 1780B9BD228BD91F00557D9E /* NavigationGradient.swift */; };
		17B4E248229865640054E8AB /* SearchViewController.swift in Sources */ = {isa = PBXBuildFile; fileRef = 17B4E247229865640054E8AB /* SearchViewController.swift */; };
		17B4E24A2298659D0054E8AB /* FavoritesViewController.swift in Sources */ = {isa = PBXBuildFile; fileRef = 17B4E2492298659D0054E8AB /* FavoritesViewController.swift */; };
		17B4E24D229870BA0054E8AB /* SearchCollectionViewCell.swift in Sources */ = {isa = PBXBuildFile; fileRef = 17B4E24B229870BA0054E8AB /* SearchCollectionViewCell.swift */; };
		17B4E24E229870BA0054E8AB /* SearchCollectionViewCell.xib in Resources */ = {isa = PBXBuildFile; fileRef = 17B4E24C229870BA0054E8AB /* SearchCollectionViewCell.xib */; };
		17C0C644228B233900841ED0 /* AppDelegate.swift in Sources */ = {isa = PBXBuildFile; fileRef = 17C0C643228B233900841ED0 /* AppDelegate.swift */; };
		17C0C646228B233900841ED0 /* HomeViewController.swift in Sources */ = {isa = PBXBuildFile; fileRef = 17C0C645228B233900841ED0 /* HomeViewController.swift */; };
		17C0C649228B233900841ED0 /* Main.storyboard in Resources */ = {isa = PBXBuildFile; fileRef = 17C0C647228B233900841ED0 /* Main.storyboard */; };
		17C0C64C228B233900841ED0 /* Hang_Khnhom.xcdatamodeld in Sources */ = {isa = PBXBuildFile; fileRef = 17C0C64A228B233900841ED0 /* Hang_Khnhom.xcdatamodeld */; };
		17C0C651228B233C00841ED0 /* LaunchScreen.storyboard in Resources */ = {isa = PBXBuildFile; fileRef = 17C0C64F228B233C00841ED0 /* LaunchScreen.storyboard */; };
		17C0C659228B2AAA00841ED0 /* SplashViewController.swift in Sources */ = {isa = PBXBuildFile; fileRef = 17C0C658228B2AAA00841ED0 /* SplashViewController.swift */; };
		17C0C65C228B2CFB00841ED0 /* Gradient.swift in Sources */ = {isa = PBXBuildFile; fileRef = 17C0C65B228B2CFB00841ED0 /* Gradient.swift */; };
		17CB4EBC228DC5B80011DFB3 /* ShopDetailCollectionViewCell.swift in Sources */ = {isa = PBXBuildFile; fileRef = 17CB4EBA228DC5B80011DFB3 /* ShopDetailCollectionViewCell.swift */; };
		17CB4EBD228DC5B80011DFB3 /* ShopDetailCollectionViewCell.xib in Resources */ = {isa = PBXBuildFile; fileRef = 17CB4EBB228DC5B80011DFB3 /* ShopDetailCollectionViewCell.xib */; };
		17CB4EBF228DC6AD0011DFB3 /* ShopDetialViewController.swift in Sources */ = {isa = PBXBuildFile; fileRef = 17CB4EBE228DC6AD0011DFB3 /* ShopDetialViewController.swift */; };
/* End PBXBuildFile section */

/* Begin PBXFileReference section */
		170410AE228EBBE80022B6BD /* Assets.xcassets */ = {isa = PBXFileReference; lastKnownFileType = folder.assetcatalog; name = Assets.xcassets; path = ../../../../.Trash/Assets.xcassets; sourceTree = "<group>"; };
		17051C4A22930AAD00AB63BB /* ShopCollectionViewCell.swift */ = {isa = PBXFileReference; lastKnownFileType = sourcecode.swift; path = ShopCollectionViewCell.swift; sourceTree = "<group>"; };
		17051C4C22930BAE00AB63BB /* PropertyCollectionViewCell.swift */ = {isa = PBXFileReference; lastKnownFileType = sourcecode.swift; path = PropertyCollectionViewCell.swift; sourceTree = "<group>"; };
		17051C4E22930BD700AB63BB /* property.xib */ = {isa = PBXFileReference; lastKnownFileType = file.xib; path = property.xib; sourceTree = "<group>"; };
		17051C5022930E8300AB63BB /* shop.xib */ = {isa = PBXFileReference; lastKnownFileType = file.xib; path = shop.xib; sourceTree = "<group>"; };
		170ABF1F228C57E300D3E86E /* HomeCollectionViewCell.swift */ = {isa = PBXFileReference; lastKnownFileType = sourcecode.swift; path = HomeCollectionViewCell.swift; sourceTree = "<group>"; };
		170ABF20228C57E300D3E86E /* HomeCollectionViewCell.xib */ = {isa = PBXFileReference; lastKnownFileType = file.xib; path = HomeCollectionViewCell.xib; sourceTree = "<group>"; };
		17226BE32297D4F9006818C7 /* SettingTableViewController.swift */ = {isa = PBXFileReference; lastKnownFileType = sourcecode.swift; path = SettingTableViewController.swift; sourceTree = "<group>"; };
		1780B9B6228BCF3900557D9E /* Extension.swift */ = {isa = PBXFileReference; lastKnownFileType = sourcecode.swift; path = Extension.swift; sourceTree = "<group>"; };
		1780B9B9228BD63400557D9E /* SettingViewController.swift */ = {isa = PBXFileReference; lastKnownFileType = sourcecode.swift; path = SettingViewController.swift; sourceTree = "<group>"; };
		1780B9BD228BD91F00557D9E /* NavigationGradient.swift */ = {isa = PBXFileReference; lastKnownFileType = sourcecode.swift; path = NavigationGradient.swift; sourceTree = "<group>"; };
		17B4E247229865640054E8AB /* SearchViewController.swift */ = {isa = PBXFileReference; lastKnownFileType = sourcecode.swift; path = SearchViewController.swift; sourceTree = "<group>"; };
		17B4E2492298659D0054E8AB /* FavoritesViewController.swift */ = {isa = PBXFileReference; lastKnownFileType = sourcecode.swift; path = FavoritesViewController.swift; sourceTree = "<group>"; };
		17B4E24B229870BA0054E8AB /* SearchCollectionViewCell.swift */ = {isa = PBXFileReference; lastKnownFileType = sourcecode.swift; path = SearchCollectionViewCell.swift; sourceTree = "<group>"; };
		17B4E24C229870BA0054E8AB /* SearchCollectionViewCell.xib */ = {isa = PBXFileReference; lastKnownFileType = file.xib; path = SearchCollectionViewCell.xib; sourceTree = "<group>"; };
		17C0C640228B233900841ED0 /* Hang Khnhom.app */ = {isa = PBXFileReference; explicitFileType = wrapper.application; includeInIndex = 0; path = "Hang Khnhom.app"; sourceTree = BUILT_PRODUCTS_DIR; };
		17C0C643228B233900841ED0 /* AppDelegate.swift */ = {isa = PBXFileReference; lastKnownFileType = sourcecode.swift; path = AppDelegate.swift; sourceTree = "<group>"; };
		17C0C645228B233900841ED0 /* HomeViewController.swift */ = {isa = PBXFileReference; lastKnownFileType = sourcecode.swift; path = HomeViewController.swift; sourceTree = "<group>"; };
		17C0C648228B233900841ED0 /* Base */ = {isa = PBXFileReference; lastKnownFileType = file.storyboard; name = Base; path = Base.lproj/Main.storyboard; sourceTree = "<group>"; };
		17C0C64B228B233900841ED0 /* Hang_Khnhom.xcdatamodel */ = {isa = PBXFileReference; lastKnownFileType = wrapper.xcdatamodel; path = Hang_Khnhom.xcdatamodel; sourceTree = "<group>"; };
		17C0C650228B233C00841ED0 /* Base */ = {isa = PBXFileReference; lastKnownFileType = file.storyboard; name = Base; path = Base.lproj/LaunchScreen.storyboard; sourceTree = "<group>"; };
		17C0C652228B233C00841ED0 /* Info.plist */ = {isa = PBXFileReference; lastKnownFileType = text.plist.xml; path = Info.plist; sourceTree = "<group>"; };
		17C0C658228B2AAA00841ED0 /* SplashViewController.swift */ = {isa = PBXFileReference; lastKnownFileType = sourcecode.swift; path = SplashViewController.swift; sourceTree = "<group>"; };
		17C0C65B228B2CFB00841ED0 /* Gradient.swift */ = {isa = PBXFileReference; lastKnownFileType = sourcecode.swift; path = Gradient.swift; sourceTree = "<group>"; };
		17CB4EBA228DC5B80011DFB3 /* ShopDetailCollectionViewCell.swift */ = {isa = PBXFileReference; lastKnownFileType = sourcecode.swift; path = ShopDetailCollectionViewCell.swift; sourceTree = "<group>"; };
		17CB4EBB228DC5B80011DFB3 /* ShopDetailCollectionViewCell.xib */ = {isa = PBXFileReference; lastKnownFileType = file.xib; path = ShopDetailCollectionViewCell.xib; sourceTree = "<group>"; };
		17CB4EBE228DC6AD0011DFB3 /* ShopDetialViewController.swift */ = {isa = PBXFileReference; lastKnownFileType = sourcecode.swift; path = ShopDetialViewController.swift; sourceTree = "<group>"; };
/* End PBXFileReference section */

/* Begin PBXFrameworksBuildPhase section */
		17C0C63D228B233900841ED0 /* Frameworks */ = {
			isa = PBXFrameworksBuildPhase;
			buildActionMask = 2147483647;
			files = (
			);
			runOnlyForDeploymentPostprocessing = 0;
		};
/* End PBXFrameworksBuildPhase section */

/* Begin PBXGroup section */
		17051C4922930A8000AB63BB /* Cells */ = {
			isa = PBXGroup;
			children = (
				17051C4A22930AAD00AB63BB /* ShopCollectionViewCell.swift */,
				17051C4C22930BAE00AB63BB /* PropertyCollectionViewCell.swift */,
				17051C4E22930BD700AB63BB /* property.xib */,
				17051C5022930E8300AB63BB /* shop.xib */,
			);
			path = Cells;
			sourceTree = "<group>";
		};
		170ABF1B228C566F00D3E86E /* Layouts */ = {
			isa = PBXGroup;
			children = (
			);
			path = Layouts;
			sourceTree = "<group>";
		};
		170ABF1E228C57B800D3E86E /* xibs */ = {
			isa = PBXGroup;
			children = (
				170ABF1F228C57E300D3E86E /* HomeCollectionViewCell.swift */,
				170ABF20228C57E300D3E86E /* HomeCollectionViewCell.xib */,
				17CB4EBA228DC5B80011DFB3 /* ShopDetailCollectionViewCell.swift */,
				17CB4EBB228DC5B80011DFB3 /* ShopDetailCollectionViewCell.xib */,
				17B4E24B229870BA0054E8AB /* SearchCollectionViewCell.swift */,
				17B4E24C229870BA0054E8AB /* SearchCollectionViewCell.xib */,
			);
			path = xibs;
			sourceTree = "<group>";
		};
		1780B9B8228BD60900557D9E /* ViewControllers */ = {
			isa = PBXGroup;
			children = (
				17C0C658228B2AAA00841ED0 /* SplashViewController.swift */,
				17C0C645228B233900841ED0 /* HomeViewController.swift */,
				1780B9B9228BD63400557D9E /* SettingViewController.swift */,
				17CB4EBE228DC6AD0011DFB3 /* ShopDetialViewController.swift */,
				17226BE32297D4F9006818C7 /* SettingTableViewController.swift */,
				17B4E247229865640054E8AB /* SearchViewController.swift */,
				17B4E2492298659D0054E8AB /* FavoritesViewController.swift */,
			);
			path = ViewControllers;
			sourceTree = "<group>";
		};
		17C0C637228B233800841ED0 = {
			isa = PBXGroup;
			children = (
				17C0C642228B233900841ED0 /* Hang Khnhom */,
				17C0C641228B233900841ED0 /* Products */,
			);
			sourceTree = "<group>";
		};
		17C0C641228B233900841ED0 /* Products */ = {
			isa = PBXGroup;
			children = (
				17C0C640228B233900841ED0 /* Hang Khnhom.app */,
			);
			name = Products;
			sourceTree = "<group>";
		};
		17C0C642228B233900841ED0 /* Hang Khnhom */ = {
			isa = PBXGroup;
			children = (
				17051C4922930A8000AB63BB /* Cells */,
				170ABF1E228C57B800D3E86E /* xibs */,
				170ABF1B228C566F00D3E86E /* Layouts */,
				1780B9B8228BD60900557D9E /* ViewControllers */,
				17C0C65A228B2CDB00841ED0 /* Views */,
				17C0C643228B233900841ED0 /* AppDelegate.swift */,
				170410AE228EBBE80022B6BD /* Assets.xcassets */,
				17C0C647228B233900841ED0 /* Main.storyboard */,
				17C0C64F228B233C00841ED0 /* LaunchScreen.storyboard */,
				17C0C652228B233C00841ED0 /* Info.plist */,
				17C0C64A228B233900841ED0 /* Hang_Khnhom.xcdatamodeld */,
			);
			path = "Hang Khnhom";
			sourceTree = "<group>";
		};
		17C0C65A228B2CDB00841ED0 /* Views */ = {
			isa = PBXGroup;
			children = (
				17C0C65B228B2CFB00841ED0 /* Gradient.swift */,
				1780B9B6228BCF3900557D9E /* Extension.swift */,
				1780B9BD228BD91F00557D9E /* NavigationGradient.swift */,
			);
			path = Views;
			sourceTree = "<group>";
		};
/* End PBXGroup section */

/* Begin PBXNativeTarget section */
		17C0C63F228B233900841ED0 /* Hang Khnhom */ = {
			isa = PBXNativeTarget;
			buildConfigurationList = 17C0C655228B233C00841ED0 /* Build configuration list for PBXNativeTarget "Hang Khnhom" */;
			buildPhases = (
				17C0C63C228B233900841ED0 /* Sources */,
				17C0C63D228B233900841ED0 /* Frameworks */,
				17C0C63E228B233900841ED0 /* Resources */,
			);
			buildRules = (
			);
			dependencies = (
			);
			name = "Hang Khnhom";
			productName = "Hang Khnhom";
			productReference = 17C0C640228B233900841ED0 /* Hang Khnhom.app */;
			productType = "com.apple.product-type.application";
		};
/* End PBXNativeTarget section */

/* Begin PBXProject section */
		17C0C638228B233800841ED0 /* Project object */ = {
			isa = PBXProject;
			attributes = {
				LastSwiftUpdateCheck = 1010;
				LastUpgradeCheck = 1010;
				ORGANIZATIONNAME = "Vibol Roeun";
				TargetAttributes = {
					17C0C63F228B233900841ED0 = {
						CreatedOnToolsVersion = 10.1;
					};
				};
			};
			buildConfigurationList = 17C0C63B228B233800841ED0 /* Build configuration list for PBXProject "Hang Khnhom" */;
			compatibilityVersion = "Xcode 9.3";
			developmentRegion = en;
			hasScannedForEncodings = 0;
			knownRegions = (
				en,
				Base,
			);
			mainGroup = 17C0C637228B233800841ED0;
			productRefGroup = 17C0C641228B233900841ED0 /* Products */;
			projectDirPath = "";
			projectRoot = "";
			targets = (
				17C0C63F228B233900841ED0 /* Hang Khnhom */,
			);
		};
/* End PBXProject section */

/* Begin PBXResourcesBuildPhase section */
		17C0C63E228B233900841ED0 /* Resources */ = {
			isa = PBXResourcesBuildPhase;
			buildActionMask = 2147483647;
			files = (
				17C0C651228B233C00841ED0 /* LaunchScreen.storyboard in Resources */,
				17CB4EBD228DC5B80011DFB3 /* ShopDetailCollectionViewCell.xib in Resources */,
				17B4E24E229870BA0054E8AB /* SearchCollectionViewCell.xib in Resources */,
				17C0C649228B233900841ED0 /* Main.storyboard in Resources */,
				17051C5122930E8300AB63BB /* shop.xib in Resources */,
				170ABF22228C57E300D3E86E /* HomeCollectionViewCell.xib in Resources */,
				17051C4F22930BD700AB63BB /* property.xib in Resources */,
				170410AF228EBBE80022B6BD /* Assets.xcassets in Resources */,
			);
			runOnlyForDeploymentPostprocessing = 0;
		};
/* End PBXResourcesBuildPhase section */

/* Begin PBXSourcesBuildPhase section */
		17C0C63C228B233900841ED0 /* Sources */ = {
			isa = PBXSourcesBuildPhase;
			buildActionMask = 2147483647;
			files = (
				17B4E248229865640054E8AB /* SearchViewController.swift in Sources */,
				17226BE42297D4F9006818C7 /* SettingTableViewController.swift in Sources */,
				17051C4B22930AAD00AB63BB /* ShopCollectionViewCell.swift in Sources */,
				17C0C65C228B2CFB00841ED0 /* Gradient.swift in Sources */,
				1780B9BE228BD91F00557D9E /* NavigationGradient.swift in Sources */,
				17C0C646228B233900841ED0 /* HomeViewController.swift in Sources */,
				17051C4D22930BAE00AB63BB /* PropertyCollectionViewCell.swift in Sources */,
				17CB4EBC228DC5B80011DFB3 /* ShopDetailCollectionViewCell.swift in Sources */,
				17C0C644228B233900841ED0 /* AppDelegate.swift in Sources */,
				1780B9B7228BCF3900557D9E /* Extension.swift in Sources */,
				17B4E24A2298659D0054E8AB /* FavoritesViewController.swift in Sources */,
				17B4E24D229870BA0054E8AB /* SearchCollectionViewCell.swift in Sources */,
				17CB4EBF228DC6AD0011DFB3 /* ShopDetialViewController.swift in Sources */,
				170ABF21228C57E300D3E86E /* HomeCollectionViewCell.swift in Sources */,
				17C0C64C228B233900841ED0 /* Hang_Khnhom.xcdatamodeld in Sources */,
				1780B9BA228BD63400557D9E /* SettingViewController.swift in Sources */,
				17C0C659228B2AAA00841ED0 /* SplashViewController.swift in Sources */,
			);
			runOnlyForDeploymentPostprocessing = 0;
		};
/* End PBXSourcesBuildPhase section */

/* Begin PBXVariantGroup section */
		17C0C647228B233900841ED0 /* Main.storyboard */ = {
			isa = PBXVariantGroup;
			children = (
				17C0C648228B233900841ED0 /* Base */,
			);
			name = Main.storyboard;
			sourceTree = "<group>";
		};
		17C0C64F228B233C00841ED0 /* LaunchScreen.storyboard */ = {
			isa = PBXVariantGroup;
			children = (
				17C0C650228B233C00841ED0 /* Base */,
			);
			name = LaunchScreen.storyboard;
			sourceTree = "<group>";
		};
/* End PBXVariantGroup section */

/* Begin XCBuildConfiguration section */
		17C0C653228B233C00841ED0 /* Debug */ = {
			isa = XCBuildConfiguration;
			buildSettings = {
				ALWAYS_SEARCH_USER_PATHS = NO;
				CLANG_ANALYZER_NONNULL = YES;
				CLANG_ANALYZER_NUMBER_OBJECT_CONVERSION = YES_AGGRESSIVE;
				CLANG_CXX_LANGUAGE_STANDARD = "gnu++14";
				CLANG_CXX_LIBRARY = "libc++";
				CLANG_ENABLE_MODULES = YES;
				CLANG_ENABLE_OBJC_ARC = YES;
				CLANG_ENABLE_OBJC_WEAK = YES;
				CLANG_WARN_BLOCK_CAPTURE_AUTORELEASING = YES;
				CLANG_WARN_BOOL_CONVERSION = YES;
				CLANG_WARN_COMMA = YES;
				CLANG_WARN_CONSTANT_CONVERSION = YES;
				CLANG_WARN_DEPRECATED_OBJC_IMPLEMENTATIONS = YES;
				CLANG_WARN_DIRECT_OBJC_ISA_USAGE = YES_ERROR;
				CLANG_WARN_DOCUMENTATION_COMMENTS = YES;
				CLANG_WARN_EMPTY_BODY = YES;
				CLANG_WARN_ENUM_CONVERSION = YES;
				CLANG_WARN_INFINITE_RECURSION = YES;
				CLANG_WARN_INT_CONVERSION = YES;
				CLANG_WARN_NON_LITERAL_NULL_CONVERSION = YES;
				CLANG_WARN_OBJC_IMPLICIT_RETAIN_SELF = YES;
				CLANG_WARN_OBJC_LITERAL_CONVERSION = YES;
				CLANG_WARN_OBJC_ROOT_CLASS = YES_ERROR;
				CLANG_WARN_RANGE_LOOP_ANALYSIS = YES;
				CLANG_WARN_STRICT_PROTOTYPES = YES;
				CLANG_WARN_SUSPICIOUS_MOVE = YES;
				CLANG_WARN_UNGUARDED_AVAILABILITY = YES_AGGRESSIVE;
				CLANG_WARN_UNREACHABLE_CODE = YES;
				CLANG_WARN__DUPLICATE_METHOD_MATCH = YES;
				CODE_SIGN_IDENTITY = "iPhone Developer";
				COPY_PHASE_STRIP = NO;
				DEBUG_INFORMATION_FORMAT = dwarf;
				ENABLE_STRICT_OBJC_MSGSEND = YES;
				ENABLE_TESTABILITY = YES;
				GCC_C_LANGUAGE_STANDARD = gnu11;
				GCC_DYNAMIC_NO_PIC = NO;
				GCC_NO_COMMON_BLOCKS = YES;
				GCC_OPTIMIZATION_LEVEL = 0;
				GCC_PREPROCESSOR_DEFINITIONS = (
					"DEBUG=1",
					"$(inherited)",
				);
				GCC_WARN_64_TO_32_BIT_CONVERSION = YES;
				GCC_WARN_ABOUT_RETURN_TYPE = YES_ERROR;
				GCC_WARN_UNDECLARED_SELECTOR = YES;
				GCC_WARN_UNINITIALIZED_AUTOS = YES_AGGRESSIVE;
				GCC_WARN_UNUSED_FUNCTION = YES;
				GCC_WARN_UNUSED_VARIABLE = YES;
				IPHONEOS_DEPLOYMENT_TARGET = 12.1;
				MTL_ENABLE_DEBUG_INFO = INCLUDE_SOURCE;
				MTL_FAST_MATH = YES;
				ONLY_ACTIVE_ARCH = YES;
				SDKROOT = iphoneos;
				SWIFT_ACTIVE_COMPILATION_CONDITIONS = DEBUG;
				SWIFT_OPTIMIZATION_LEVEL = "-Onone";
			};
			name = Debug;
		};
		17C0C654228B233C00841ED0 /* Release */ = {
			isa = XCBuildConfiguration;
			buildSettings = {
				ALWAYS_SEARCH_USER_PATHS = NO;
				CLANG_ANALYZER_NONNULL = YES;
				CLANG_ANALYZER_NUMBER_OBJECT_CONVERSION = YES_AGGRESSIVE;
				CLANG_CXX_LANGUAGE_STANDARD = "gnu++14";
				CLANG_CXX_LIBRARY = "libc++";
				CLANG_ENABLE_MODULES = YES;
				CLANG_ENABLE_OBJC_ARC = YES;
				CLANG_ENABLE_OBJC_WEAK = YES;
				CLANG_WARN_BLOCK_CAPTURE_AUTORELEASING = YES;
				CLANG_WARN_BOOL_CONVERSION = YES;
				CLANG_WARN_COMMA = YES;
				CLANG_WARN_CONSTANT_CONVERSION = YES;
				CLANG_WARN_DEPRECATED_OBJC_IMPLEMENTATIONS = YES;
				CLANG_WARN_DIRECT_OBJC_ISA_USAGE = YES_ERROR;
				CLANG_WARN_DOCUMENTATION_COMMENTS = YES;
				CLANG_WARN_EMPTY_BODY = YES;
				CLANG_WARN_ENUM_CONVERSION = YES;
				CLANG_WARN_INFINITE_RECURSION = YES;
				CLANG_WARN_INT_CONVERSION = YES;
				CLANG_WARN_NON_LITERAL_NULL_CONVERSION = YES;
				CLANG_WARN_OBJC_IMPLICIT_RETAIN_SELF = YES;
				CLANG_WARN_OBJC_LITERAL_CONVERSION = YES;
				CLANG_WARN_OBJC_ROOT_CLASS = YES_ERROR;
				CLANG_WARN_RANGE_LOOP_ANALYSIS = YES;
				CLANG_WARN_STRICT_PROTOTYPES = YES;
				CLANG_WARN_SUSPICIOUS_MOVE = YES;
				CLANG_WARN_UNGUARDED_AVAILABILITY = YES_AGGRESSIVE;
				CLANG_WARN_UNREACHABLE_CODE = YES;
				CLANG_WARN__DUPLICATE_METHOD_MATCH = YES;
				CODE_SIGN_IDENTITY = "iPhone Developer";
				COPY_PHASE_STRIP = NO;
				DEBUG_INFORMATION_FORMAT = "dwarf-with-dsym";
				ENABLE_NS_ASSERTIONS = NO;
				ENABLE_STRICT_OBJC_MSGSEND = YES;
				GCC_C_LANGUAGE_STANDARD = gnu11;
				GCC_NO_COMMON_BLOCKS = YES;
				GCC_WARN_64_TO_32_BIT_CONVERSION = YES;
				GCC_WARN_ABOUT_RETURN_TYPE = YES_ERROR;
				GCC_WARN_UNDECLARED_SELECTOR = YES;
				GCC_WARN_UNINITIALIZED_AUTOS = YES_AGGRESSIVE;
				GCC_WARN_UNUSED_FUNCTION = YES;
				GCC_WARN_UNUSED_VARIABLE = YES;
				IPHONEOS_DEPLOYMENT_TARGET = 12.1;
				MTL_ENABLE_DEBUG_INFO = NO;
				MTL_FAST_MATH = YES;
				SDKROOT = iphoneos;
				SWIFT_COMPILATION_MODE = wholemodule;
				SWIFT_OPTIMIZATION_LEVEL = "-O";
				VALIDATE_PRODUCT = YES;
			};
			name = Release;
		};
		17C0C656228B233C00841ED0 /* Debug */ = {
			isa = XCBuildConfiguration;
			buildSettings = {
				ASSETCATALOG_COMPILER_APPICON_NAME = AppIcon;
				CODE_SIGN_STYLE = Automatic;
				DEVELOPMENT_TEAM = KE649726B2;
				INFOPLIST_FILE = "Hang Khnhom/Info.plist";
				IPHONEOS_DEPLOYMENT_TARGET = 12.1;
				LD_RUNPATH_SEARCH_PATHS = (
					"$(inherited)",
					"@executable_path/Frameworks",
				);
				PRODUCT_BUNDLE_IDENTIFIER = "com.vibolroeun.Hang-Khnhom";
				PRODUCT_NAME = "$(TARGET_NAME)";
				SWIFT_VERSION = 4.2;
				TARGETED_DEVICE_FAMILY = "1,2";
			};
			name = Debug;
		};
		17C0C657228B233C00841ED0 /* Release */ = {
			isa = XCBuildConfiguration;
			buildSettings = {
				ASSETCATALOG_COMPILER_APPICON_NAME = AppIcon;
				CODE_SIGN_STYLE = Automatic;
				DEVELOPMENT_TEAM = KE649726B2;
				INFOPLIST_FILE = "Hang Khnhom/Info.plist";
				IPHONEOS_DEPLOYMENT_TARGET = 12.1;
				LD_RUNPATH_SEARCH_PATHS = (
					"$(inherited)",
					"@executable_path/Frameworks",
				);
				PRODUCT_BUNDLE_IDENTIFIER = "com.vibolroeun.Hang-Khnhom";
				PRODUCT_NAME = "$(TARGET_NAME)";
				SWIFT_VERSION = 4.2;
				TARGETED_DEVICE_FAMILY = "1,2";
			};
			name = Release;
		};
/* End XCBuildConfiguration section */

/* Begin XCConfigurationList section */
		17C0C63B228B233800841ED0 /* Build configuration list for PBXProject "Hang Khnhom" */ = {
			isa = XCConfigurationList;
			buildConfigurations = (
				17C0C653228B233C00841ED0 /* Debug */,
				17C0C654228B233C00841ED0 /* Release */,
			);
			defaultConfigurationIsVisible = 0;
			defaultConfigurationName = Release;
		};
		17C0C655228B233C00841ED0 /* Build configuration list for PBXNativeTarget "Hang Khnhom" */ = {
			isa = XCConfigurationList;
			buildConfigurations = (
				17C0C656228B233C00841ED0 /* Debug */,
				17C0C657228B233C00841ED0 /* Release */,
			);
			defaultConfigurationIsVisible = 0;
			defaultConfigurationName = Release;
		};
/* End XCConfigurationList section */

/* Begin XCVersionGroup section */
		17C0C64A228B233900841ED0 /* Hang_Khnhom.xcdatamodeld */ = {
			isa = XCVersionGroup;
			children = (
				17C0C64B228B233900841ED0 /* Hang_Khnhom.xcdatamodel */,
			);
			currentVersion = 17C0C64B228B233900841ED0 /* Hang_Khnhom.xcdatamodel */;
			path = Hang_Khnhom.xcdatamodeld;
			sourceTree = "<group>";
			versionGroupType = wrapper.xcdatamodel;
		};
/* End XCVersionGroup section */
	};
	rootObject = 17C0C638228B233800841ED0 /* Project object */;
}
